// !$*UTF8*$!
{
	archiveVersion = 1;
	classes = {
	};
	objectVersion = 45;
	objects = {

/* Begin PBXBuildFile section */
		1D3623260D0F684500981E51 /* HelloParticleSystemAppDelegate.m in Sources */ = {isa = PBXBuildFile; fileRef = 1D3623250D0F684500981E51 /* HelloParticleSystemAppDelegate.m */; };
		1D60589B0D05DD56006BFB54 /* main.m in Sources */ = {isa = PBXBuildFile; fileRef = 29B97316FDCFA39411CA2CEA /* main.m */; };
		1D60589F0D05DD5A006BFB54 /* Foundation.framework in Frameworks */ = {isa = PBXBuildFile; fileRef = 1D30AB110D05D00D00671497 /* Foundation.framework */; };
		1DF5F4E00D08C38300B7A737 /* UIKit.framework in Frameworks */ = {isa = PBXBuildFile; fileRef = 1DF5F4DF0D08C38300B7A737 /* UIKit.framework */; };
		288765FD0DF74451002DB57D /* CoreGraphics.framework in Frameworks */ = {isa = PBXBuildFile; fileRef = 288765FC0DF74451002DB57D /* CoreGraphics.framework */; };
		3116ACCD103C9C8900661283 /* AVFoundation.framework in Frameworks */ = {isa = PBXBuildFile; fileRef = 3116ACCC103C9C8900661283 /* AVFoundation.framework */; };
		312CDD880FF569490007E3D7 /* swirl-rose.png in Resources */ = {isa = PBXBuildFile; fileRef = 312CDD870FF569490007E3D7 /* swirl-rose.png */; };
		312CDDB20FF56C390007E3D7 /* kids_grid_3x3_translucent.png in Resources */ = {isa = PBXBuildFile; fileRef = 312CDDB10FF56C390007E3D7 /* kids_grid_3x3_translucent.png */; };
		3141558E0FF8681C00F3ACFB /* mash.png in Resources */ = {isa = PBXBuildFile; fileRef = 3141558D0FF8681C00F3ACFB /* mash.png */; };
		314560F80FF7EA3600A1E198 /* farrow-design-2x2-translucent.png in Resources */ = {isa = PBXBuildFile; fileRef = 314560F70FF7EA3600A1E198 /* farrow-design-2x2-translucent.png */; };
		314560FA0FF7EA8100A1E198 /* case-identity.png in Resources */ = {isa = PBXBuildFile; fileRef = 314560F90FF7EA8100A1E198 /* case-identity.png */; };
		314560FD0FF7EAC900A1E198 /* farrow-design-2x2.png in Resources */ = {isa = PBXBuildFile; fileRef = 314560FC0FF7EAC900A1E198 /* farrow-design-2x2.png */; };
		315FA3EC0FE6CB9B0059E81D /* AudioToolbox.framework in Frameworks */ = {isa = PBXBuildFile; fileRef = 315FA3EB0FE6CB9B0059E81D /* AudioToolbox.framework */; };
		31B30A500FE699060024849F /* MainWindow.xib in Resources */ = {isa = PBXBuildFile; fileRef = 31B30A4F0FE699060024849F /* MainWindow.xib */; };
		31B30A580FE699400024849F /* GLViewController.m in Sources */ = {isa = PBXBuildFile; fileRef = 31B30A560FE699400024849F /* GLViewController.m */; };
		31B30A680FE69C020024849F /* OpenGLES.framework in Frameworks */ = {isa = PBXBuildFile; fileRef = 31B30A660FE69C020024849F /* OpenGLES.framework */; };
		31B30A690FE69C020024849F /* QuartzCore.framework in Frameworks */ = {isa = PBXBuildFile; fileRef = 31B30A670FE69C020024849F /* QuartzCore.framework */; };
		31B30AE40FE6A2D40024849F /* GLView.m in Sources */ = {isa = PBXBuildFile; fileRef = 31B30AE30FE6A2D40024849F /* GLView.m */; };
		31D15C10109CEF41009AEAB7 /* GiggleGirl.caf in Resources */ = {isa = PBXBuildFile; fileRef = 31D15C0C109CEF41009AEAB7 /* GiggleGirl.caf */; };
		31D15C11109CEF41009AEAB7 /* GiggleNaughty.caf in Resources */ = {isa = PBXBuildFile; fileRef = 31D15C0D109CEF41009AEAB7 /* GiggleNaughty.caf */; };
		31D15C12109CEF41009AEAB7 /* GigglePair.caf in Resources */ = {isa = PBXBuildFile; fileRef = 31D15C0E109CEF41009AEAB7 /* GigglePair.caf */; };
		31D15C29109CF0E2009AEAB7 /* GiggleNasal.caf in Resources */ = {isa = PBXBuildFile; fileRef = 31D15C27109CF0E2009AEAB7 /* GiggleNasal.caf */; };
		31E31A7D0FF114E000B81100 /* kids_grid_3x3.png in Resources */ = {isa = PBXBuildFile; fileRef = 31E31A7A0FF114E000B81100 /* kids_grid_3x3.png */; };
		31E31A7F0FF114E000B81100 /* particles_dugla.png in Resources */ = {isa = PBXBuildFile; fileRef = 31E31A7C0FF114E000B81100 /* particles_dugla.png */; };
		31ECF9B40FEC34CF00F0A982 /* TEITexture.m in Sources */ = {isa = PBXBuildFile; fileRef = 31ECF9B30FEC34CF00F0A982 /* TEITexture.m */; };
		31FB3ABC0FE6C7EB00630959 /* ParticleSystem.m in Sources */ = {isa = PBXBuildFile; fileRef = 31FB3ABA0FE6C7EB00630959 /* ParticleSystem.m */; };
/* End PBXBuildFile section */

/* Begin PBXFileReference section */
		1D30AB110D05D00D00671497 /* Foundation.framework */ = {isa = PBXFileReference; lastKnownFileType = wrapper.framework; name = Foundation.framework; path = System/Library/Frameworks/Foundation.framework; sourceTree = SDKROOT; };
		1D3623240D0F684500981E51 /* HelloParticleSystemAppDelegate.h */ = {isa = PBXFileReference; fileEncoding = 4; lastKnownFileType = sourcecode.c.h; path = HelloParticleSystemAppDelegate.h; sourceTree = "<group>"; };
		1D3623250D0F684500981E51 /* HelloParticleSystemAppDelegate.m */ = {isa = PBXFileReference; fileEncoding = 4; lastKnownFileType = sourcecode.c.objc; path = HelloParticleSystemAppDelegate.m; sourceTree = "<group>"; };
		1D6058910D05DD3D006BFB54 /* HelloParticleSystem.app */ = {isa = PBXFileReference; explicitFileType = wrapper.application; includeInIndex = 0; path = HelloParticleSystem.app; sourceTree = BUILT_PRODUCTS_DIR; };
		1DF5F4DF0D08C38300B7A737 /* UIKit.framework */ = {isa = PBXFileReference; lastKnownFileType = wrapper.framework; name = UIKit.framework; path = System/Library/Frameworks/UIKit.framework; sourceTree = SDKROOT; };
		288765FC0DF74451002DB57D /* CoreGraphics.framework */ = {isa = PBXFileReference; lastKnownFileType = wrapper.framework; name = CoreGraphics.framework; path = System/Library/Frameworks/CoreGraphics.framework; sourceTree = SDKROOT; };
		29B97316FDCFA39411CA2CEA /* main.m */ = {isa = PBXFileReference; fileEncoding = 4; lastKnownFileType = sourcecode.c.objc; path = main.m; sourceTree = "<group>"; };
		3116ACCC103C9C8900661283 /* AVFoundation.framework */ = {isa = PBXFileReference; lastKnownFileType = wrapper.framework; name = AVFoundation.framework; path = System/Library/Frameworks/AVFoundation.framework; sourceTree = SDKROOT; };
		312CDD870FF569490007E3D7 /* swirl-rose.png */ = {isa = PBXFileReference; lastKnownFileType = image.png; name = "swirl-rose.png"; path = "../HelloTexture/swirl-rose.png"; sourceTree = SOURCE_ROOT; };
		312CDDB10FF56C390007E3D7 /* kids_grid_3x3_translucent.png */ = {isa = PBXFileReference; lastKnownFileType = image.png; name = kids_grid_3x3_translucent.png; path = artwork/kids_grid_3x3_translucent.png; sourceTree = "<group>"; };
		3141558D0FF8681C00F3ACFB /* mash.png */ = {isa = PBXFileReference; lastKnownFileType = image.png; name = mash.png; path = artwork/mash.png; sourceTree = "<group>"; };
		314560F70FF7EA3600A1E198 /* farrow-design-2x2-translucent.png */ = {isa = PBXFileReference; lastKnownFileType = image.png; name = "farrow-design-2x2-translucent.png"; path = "artwork/farrow-design-2x2-translucent.png"; sourceTree = "<group>"; };
		314560F90FF7EA8100A1E198 /* case-identity.png */ = {isa = PBXFileReference; lastKnownFileType = image.png; name = "case-identity.png"; path = "artwork/case-identity.png"; sourceTree = "<group>"; };
		314560FC0FF7EAC900A1E198 /* farrow-design-2x2.png */ = {isa = PBXFileReference; lastKnownFileType = image.png; name = "farrow-design-2x2.png"; path = "artwork/farrow-design-2x2.png"; sourceTree = "<group>"; };
		315FA3EB0FE6CB9B0059E81D /* AudioToolbox.framework */ = {isa = PBXFileReference; lastKnownFileType = wrapper.framework; name = AudioToolbox.framework; path = System/Library/Frameworks/AudioToolbox.framework; sourceTree = SDKROOT; };
		31B30A4F0FE699060024849F /* MainWindow.xib */ = {isa = PBXFileReference; lastKnownFileType = file.xib; path = MainWindow.xib; sourceTree = "<group>"; };
		31B30A520FE699400024849F /* ConstantsAndMacros.h */ = {isa = PBXFileReference; fileEncoding = 4; lastKnownFileType = sourcecode.c.h; path = ConstantsAndMacros.h; sourceTree = "<group>"; };
		31B30A550FE699400024849F /* GLViewController.h */ = {isa = PBXFileReference; fileEncoding = 4; lastKnownFileType = sourcecode.c.h; path = GLViewController.h; sourceTree = "<group>"; };
		31B30A560FE699400024849F /* GLViewController.m */ = {isa = PBXFileReference; fileEncoding = 4; lastKnownFileType = sourcecode.c.objc; path = GLViewController.m; sourceTree = "<group>"; };
		31B30A660FE69C020024849F /* OpenGLES.framework */ = {isa = PBXFileReference; lastKnownFileType = wrapper.framework; name = OpenGLES.framework; path = System/Library/Frameworks/OpenGLES.framework; sourceTree = SDKROOT; };
		31B30A670FE69C020024849F /* QuartzCore.framework */ = {isa = PBXFileReference; lastKnownFileType = wrapper.framework; name = QuartzCore.framework; path = System/Library/Frameworks/QuartzCore.framework; sourceTree = SDKROOT; };
		31B30AE20FE6A2D40024849F /* GLView.h */ = {isa = PBXFileReference; fileEncoding = 4; lastKnownFileType = sourcecode.c.h; path = GLView.h; sourceTree = "<group>"; };
		31B30AE30FE6A2D40024849F /* GLView.m */ = {isa = PBXFileReference; fileEncoding = 4; lastKnownFileType = sourcecode.c.objc; path = GLView.m; sourceTree = "<group>"; };
		31D15C0C109CEF41009AEAB7 /* GiggleGirl.caf */ = {isa = PBXFileReference; lastKnownFileType = file; path = GiggleGirl.caf; sourceTree = "<group>"; };
		31D15C0D109CEF41009AEAB7 /* GiggleNaughty.caf */ = {isa = PBXFileReference; lastKnownFileType = file; path = GiggleNaughty.caf; sourceTree = "<group>"; };
		31D15C0E109CEF41009AEAB7 /* GigglePair.caf */ = {isa = PBXFileReference; lastKnownFileType = file; path = GigglePair.caf; sourceTree = "<group>"; };
		31D15C27109CF0E2009AEAB7 /* GiggleNasal.caf */ = {isa = PBXFileReference; lastKnownFileType = file; path = GiggleNasal.caf; sourceTree = "<group>"; };
		31E31A7A0FF114E000B81100 /* kids_grid_3x3.png */ = {isa = PBXFileReference; lastKnownFileType = image.png; name = kids_grid_3x3.png; path = artwork/kids_grid_3x3.png; sourceTree = "<group>"; };
		31E31A7C0FF114E000B81100 /* particles_dugla.png */ = {isa = PBXFileReference; lastKnownFileType = image.png; name = particles_dugla.png; path = artwork/particles_dugla.png; sourceTree = "<group>"; };
		31ECF9B20FEC34CF00F0A982 /* TEITexture.h */ = {isa = PBXFileReference; fileEncoding = 4; lastKnownFileType = sourcecode.c.h; path = TEITexture.h; sourceTree = "<group>"; };
		31ECF9B30FEC34CF00F0A982 /* TEITexture.m */ = {isa = PBXFileReference; fileEncoding = 4; lastKnownFileType = sourcecode.c.objc; path = TEITexture.m; sourceTree = "<group>"; };
		31FB3AB90FE6C7EB00630959 /* ParticleSystem.h */ = {isa = PBXFileReference; fileEncoding = 4; lastKnownFileType = sourcecode.c.h; path = ParticleSystem.h; sourceTree = "<group>"; };
		31FB3ABA0FE6C7EB00630959 /* ParticleSystem.m */ = {isa = PBXFileReference; fileEncoding = 4; lastKnownFileType = sourcecode.c.objc; path = ParticleSystem.m; sourceTree = "<group>"; };
		32CA4F630368D1EE00C91783 /* HelloParticleSystem_Prefix.pch */ = {isa = PBXFileReference; fileEncoding = 4; lastKnownFileType = sourcecode.c.h; path = HelloParticleSystem_Prefix.pch; sourceTree = "<group>"; };
		8D1107310486CEB800E47090 /* Info.plist */ = {isa = PBXFileReference; fileEncoding = 4; lastKnownFileType = text.plist.xml; path = Info.plist; sourceTree = "<group>"; };
/* End PBXFileReference section */

/* Begin PBXFrameworksBuildPhase section */
		1D60588F0D05DD3D006BFB54 /* Frameworks */ = {
			isa = PBXFrameworksBuildPhase;
			buildActionMask = 2147483647;
			files = (
				1D60589F0D05DD5A006BFB54 /* Foundation.framework in Frameworks */,
				1DF5F4E00D08C38300B7A737 /* UIKit.framework in Frameworks */,
				288765FD0DF74451002DB57D /* CoreGraphics.framework in Frameworks */,
				31B30A680FE69C020024849F /* OpenGLES.framework in Frameworks */,
				31B30A690FE69C020024849F /* QuartzCore.framework in Frameworks */,
				315FA3EC0FE6CB9B0059E81D /* AudioToolbox.framework in Frameworks */,
				3116ACCD103C9C8900661283 /* AVFoundation.framework in Frameworks */,
			);
			runOnlyForDeploymentPostprocessing = 0;
		};
/* End PBXFrameworksBuildPhase section */

/* Begin PBXGroup section */
		080E96DDFE201D6D7F000001 /* Classes */ = {
			isa = PBXGroup;
			children = (
				31B30AE20FE6A2D40024849F /* GLView.h */,
				31B30AE30FE6A2D40024849F /* GLView.m */,
				31B30A550FE699400024849F /* GLViewController.h */,
				31B30A560FE699400024849F /* GLViewController.m */,
				1D3623240D0F684500981E51 /* HelloParticleSystemAppDelegate.h */,
				1D3623250D0F684500981E51 /* HelloParticleSystemAppDelegate.m */,
				31FB3AB90FE6C7EB00630959 /* ParticleSystem.h */,
				31FB3ABA0FE6C7EB00630959 /* ParticleSystem.m */,
				31ECF9B20FEC34CF00F0A982 /* TEITexture.h */,
				31ECF9B30FEC34CF00F0A982 /* TEITexture.m */,
				31B30A520FE699400024849F /* ConstantsAndMacros.h */,
			);
			path = Classes;
			sourceTree = "<group>";
		};
		19C28FACFE9D520D11CA2CBB /* Products */ = {
			isa = PBXGroup;
			children = (
				1D6058910D05DD3D006BFB54 /* HelloParticleSystem.app */,
			);
			name = Products;
			sourceTree = "<group>";
		};
		29B97314FDCFA39411CA2CEA /* CustomTemplate */ = {
			isa = PBXGroup;
			children = (
				31FB3B070FE6CA4C00630959 /* Textures */,
				31FB3AF40FE6CA2B00630959 /* Sounds */,
				080E96DDFE201D6D7F000001 /* Classes */,
				29B97315FDCFA39411CA2CEA /* Other Sources */,
				29B97317FDCFA39411CA2CEA /* Resources */,
				29B97323FDCFA39411CA2CEA /* Frameworks */,
				19C28FACFE9D520D11CA2CBB /* Products */,
			);
			name = CustomTemplate;
			sourceTree = "<group>";
		};
		29B97315FDCFA39411CA2CEA /* Other Sources */ = {
			isa = PBXGroup;
			children = (
				32CA4F630368D1EE00C91783 /* HelloParticleSystem_Prefix.pch */,
				29B97316FDCFA39411CA2CEA /* main.m */,
			);
			name = "Other Sources";
			sourceTree = "<group>";
		};
		29B97317FDCFA39411CA2CEA /* Resources */ = {
			isa = PBXGroup;
			children = (
				31B30A4F0FE699060024849F /* MainWindow.xib */,
				8D1107310486CEB800E47090 /* Info.plist */,
			);
			name = Resources;
			sourceTree = "<group>";
		};
		29B97323FDCFA39411CA2CEA /* Frameworks */ = {
			isa = PBXGroup;
			children = (
				3116ACCC103C9C8900661283 /* AVFoundation.framework */,
				315FA3EB0FE6CB9B0059E81D /* AudioToolbox.framework */,
				31B30A660FE69C020024849F /* OpenGLES.framework */,
				31B30A670FE69C020024849F /* QuartzCore.framework */,
				1DF5F4DF0D08C38300B7A737 /* UIKit.framework */,
				1D30AB110D05D00D00671497 /* Foundation.framework */,
				288765FC0DF74451002DB57D /* CoreGraphics.framework */,
			);
			name = Frameworks;
			sourceTree = "<group>";
		};
		31FB3AF40FE6CA2B00630959 /* Sounds */ = {
			isa = PBXGroup;
			children = (
				31D15C0E109CEF41009AEAB7 /* GigglePair.caf */,
				31D15C0D109CEF41009AEAB7 /* GiggleNaughty.caf */,
				31D15C27109CF0E2009AEAB7 /* GiggleNasal.caf */,
				31D15C0C109CEF41009AEAB7 /* GiggleGirl.caf */,
			);
			name = Sounds;
			sourceTree = "<group>";
		};
		31FB3B070FE6CA4C00630959 /* Textures */ = {
			isa = PBXGroup;
			children = (
				3141558D0FF8681C00F3ACFB /* mash.png */,
				314560FC0FF7EAC900A1E198 /* farrow-design-2x2.png */,
				314560F70FF7EA3600A1E198 /* farrow-design-2x2-translucent.png */,
				31E31A7A0FF114E000B81100 /* kids_grid_3x3.png */,
				312CDDB10FF56C390007E3D7 /* kids_grid_3x3_translucent.png */,
				312CDD870FF569490007E3D7 /* swirl-rose.png */,
				314560F90FF7EA8100A1E198 /* case-identity.png */,
				31E31A7C0FF114E000B81100 /* particles_dugla.png */,
			);
			name = Textures;
			sourceTree = "<group>";
		};
/* End PBXGroup section */

/* Begin PBXNativeTarget section */
		1D6058900D05DD3D006BFB54 /* HelloParticleSystem */ = {
			isa = PBXNativeTarget;
			buildConfigurationList = 1D6058960D05DD3E006BFB54 /* Build configuration list for PBXNativeTarget "HelloParticleSystem" */;
			buildPhases = (
				1D60588D0D05DD3D006BFB54 /* Resources */,
				1D60588E0D05DD3D006BFB54 /* Sources */,
				1D60588F0D05DD3D006BFB54 /* Frameworks */,
			);
			buildRules = (
			);
			dependencies = (
			);
			name = HelloParticleSystem;
			productName = HelloParticleSystem;
			productReference = 1D6058910D05DD3D006BFB54 /* HelloParticleSystem.app */;
			productType = "com.apple.product-type.application";
		};
/* End PBXNativeTarget section */

/* Begin PBXProject section */
		29B97313FDCFA39411CA2CEA /* Project object */ = {
			isa = PBXProject;
			buildConfigurationList = C01FCF4E08A954540054247B /* Build configuration list for PBXProject "HelloParticleSystem" */;
			compatibilityVersion = "Xcode 3.1";
			hasScannedForEncodings = 1;
			mainGroup = 29B97314FDCFA39411CA2CEA /* CustomTemplate */;
			projectDirPath = "";
			projectRoot = "";
			targets = (
				1D6058900D05DD3D006BFB54 /* HelloParticleSystem */,
			);
		};
/* End PBXProject section */

/* Begin PBXResourcesBuildPhase section */
		1D60588D0D05DD3D006BFB54 /* Resources */ = {
			isa = PBXResourcesBuildPhase;
			buildActionMask = 2147483647;
			files = (
				31B30A500FE699060024849F /* MainWindow.xib in Resources */,
				31E31A7D0FF114E000B81100 /* kids_grid_3x3.png in Resources */,
				31E31A7F0FF114E000B81100 /* particles_dugla.png in Resources */,
				312CDD880FF569490007E3D7 /* swirl-rose.png in Resources */,
				312CDDB20FF56C390007E3D7 /* kids_grid_3x3_translucent.png in Resources */,
				314560F80FF7EA3600A1E198 /* farrow-design-2x2-translucent.png in Resources */,
				314560FA0FF7EA8100A1E198 /* case-identity.png in Resources */,
				314560FD0FF7EAC900A1E198 /* farrow-design-2x2.png in Resources */,
				3141558E0FF8681C00F3ACFB /* mash.png in Resources */,
				31D15C10109CEF41009AEAB7 /* GiggleGirl.caf in Resources */,
				31D15C11109CEF41009AEAB7 /* GiggleNaughty.caf in Resources */,
				31D15C12109CEF41009AEAB7 /* GigglePair.caf in Resources */,
				31D15C29109CF0E2009AEAB7 /* GiggleNasal.caf in Resources */,
			);
			runOnlyForDeploymentPostprocessing = 0;
		};
/* End PBXResourcesBuildPhase section */

/* Begin PBXSourcesBuildPhase section */
		1D60588E0D05DD3D006BFB54 /* Sources */ = {
			isa = PBXSourcesBuildPhase;
			buildActionMask = 2147483647;
			files = (
				1D60589B0D05DD56006BFB54 /* main.m in Sources */,
				1D3623260D0F684500981E51 /* HelloParticleSystemAppDelegate.m in Sources */,
				31B30A580FE699400024849F /* GLViewController.m in Sources */,
				31B30AE40FE6A2D40024849F /* GLView.m in Sources */,
				31FB3ABC0FE6C7EB00630959 /* ParticleSystem.m in Sources */,
				31ECF9B40FEC34CF00F0A982 /* TEITexture.m in Sources */,
			);
			runOnlyForDeploymentPostprocessing = 0;
		};
/* End PBXSourcesBuildPhase section */

/* Begin XCBuildConfiguration section */
		1D6058940D05DD3E006BFB54 /* Debug */ = {
			isa = XCBuildConfiguration;
			buildSettings = {
				ALWAYS_SEARCH_USER_PATHS = NO;
				CODE_SIGN_IDENTITY = "iPhone Developer";
				"CODE_SIGN_IDENTITY[sdk=iphoneos*]" = "iPhone Developer";
				"CODE_SIGN_IDENTITY[sdk=iphoneos3.0]" = "iPhone Developer";
				COPY_PHASE_STRIP = NO;
				GCC_DYNAMIC_NO_PIC = NO;
				GCC_OPTIMIZATION_LEVEL = 0;
				GCC_PRECOMPILE_PREFIX_HEADER = YES;
				GCC_PREFIX_HEADER = HelloParticleSystem_Prefix.pch;
				INFOPLIST_FILE = Info.plist;
				PRODUCT_NAME = HelloParticleSystem;
				PROVISIONING_PROFILE = "";
				"PROVISIONING_PROFILE[sdk=iphoneos*]" = "";
				"PROVISIONING_PROFILE[sdk=iphoneos3.0]" = "";
				SDKROOT = iphoneos3.0;
			};
			name = Debug;
		};
		1D6058950D05DD3E006BFB54 /* Release */ = {
			isa = XCBuildConfiguration;
			buildSettings = {
				ALWAYS_SEARCH_USER_PATHS = NO;
				CODE_SIGN_IDENTITY = "iPhone Developer";
				COPY_PHASE_STRIP = YES;
				GCC_PRECOMPILE_PREFIX_HEADER = YES;
				GCC_PREFIX_HEADER = HelloParticleSystem_Prefix.pch;
				GCC_THUMB_SUPPORT = NO;
				INFOPLIST_FILE = Info.plist;
				PRODUCT_NAME = HelloParticleSystem;
				PROVISIONING_PROFILE = "";
				SDKROOT = iphoneos3.0;
			};
			name = Release;
		};
		C01FCF4F08A954540054247B /* Debug */ = {
			isa = XCBuildConfiguration;
			buildSettings = {
				ARCHS = "$(ARCHS_STANDARD_32_BIT)";
				"CODE_SIGN_IDENTITY[sdk=iphoneos*]" = "iPhone Developer";
				GCC_C_LANGUAGE_STANDARD = c99;
				GCC_WARN_ABOUT_RETURN_TYPE = YES;
				GCC_WARN_UNUSED_VARIABLE = YES;
				ONLY_ACTIVE_ARCH = YES;
				PREBINDING = NO;
				SDKROOT = iphoneos2.2.1;
			};
			name = Debug;
		};
		C01FCF5008A954540054247B /* Release */ = {
			isa = XCBuildConfiguration;
			buildSettings = {
				ARCHS = "$(ARCHS_STANDARD_32_BIT)";
				"CODE_SIGN_IDENTITY[sdk=iphoneos*]" = "iPhone Developer";
				GCC_C_LANGUAGE_STANDARD = c99;
				GCC_WARN_ABOUT_RETURN_TYPE = YES;
				GCC_WARN_UNUSED_VARIABLE = YES;
				PREBINDING = NO;
				SDKROOT = iphoneos2.2.1;
			};
			name = Release;
		};
/* End XCBuildConfiguration section */

/* Begin XCConfigurationList section */
		1D6058960D05DD3E006BFB54 /* Build configuration list for PBXNativeTarget "HelloParticleSystem" */ = {
			isa = XCConfigurationList;
			buildConfigurations = (
				1D6058940D05DD3E006BFB54 /* Debug */,
				1D6058950D05DD3E006BFB54 /* Release */,
			);
			defaultConfigurationIsVisible = 0;
			defaultConfigurationName = Release;
		};
		C01FCF4E08A954540054247B /* Build configuration list for PBXProject "HelloParticleSystem" */ = {
			isa = XCConfigurationList;
			buildConfigurations = (
				C01FCF4F08A954540054247B /* Debug */,
				C01FCF5008A954540054247B /* Release */,
			);
			defaultConfigurationIsVisible = 0;
			defaultConfigurationName = Release;
		};
/* End XCConfigurationList section */
	};
	rootObject = 29B97313FDCFA39411CA2CEA /* Project object */;
}
